
Microsoft Visual Studio Solution File, Format Version 12.00
# Visual Studio Version 17
VisualStudioVersion = 17.13.35806.99 d17.13
MinimumVisualStudioVersion = 10.0.40219.1
Project("{FAE04EC0-301F-11D3-BF4B-00C04F79EFBC}") = "Tarea 3", "Tarea 3.csproj", "{AFFBD6AA-7B2B-4517-AFBD-452420C14091}"
EndProject
Global
	GlobalSection(SolutionConfigurationPlatforms) = preSolution
		Debug|Any CPU = Debug|Any CPU
		Release|Any CPU = Release|Any CPU
	EndGlobalSection
	GlobalSection(ProjectConfigurationPlatforms) = postSolution
		{AFFBD6AA-7B2B-4517-AFBD-452420C14091}.Debug|Any CPU.ActiveCfg = Debug|Any CPU
		{AFFBD6AA-7B2B-4517-AFBD-452420C14091}.Debug|Any CPU.Build.0 = Debug|Any CPU
		{AFFBD6AA-7B2B-4517-AFBD-452420C14091}.Release|Any CPU.ActiveCfg = Release|Any CPU
		{AFFBD6AA-7B2B-4517-AFBD-452420C14091}.Release|Any CPU.Build.0 = Release|Any CPU
	EndGlobalSection
	GlobalSection(SolutionProperties) = preSolution
		HideSolutionNode = FALSE
	EndGlobalSection
	GlobalSection(ExtensibilityGlobals) = postSolution
		SolutionGuid = {0BAEE4FF-A688-404A-A564-DE35492D2B3D}
	EndGlobalSection
EndGlobal
